
Microsoft Visual Studio Solution File, Format Version 12.00
# Visual Studio Version 17
VisualStudioVersion = 17.8.34316.72
MinimumVisualStudioVersion = 10.0.40219.1
Project("{FAE04EC0-301F-11D3-BF4B-00C04F79EFBC}") = "task07", "task07\task07.csproj", "{3C56DD09-263E-4DC9-8D79-886DEEAC3056}"
EndProject
Global
	GlobalSection(SolutionConfigurationPlatforms) = preSolution
		Debug|Any CPU = Debug|Any CPU
		Release|Any CPU = Release|Any CPU
	EndGlobalSection
	GlobalSection(ProjectConfigurationPlatforms) = postSolution
		{3C56DD09-263E-4DC9-8D79-886DEEAC3056}.Debug|Any CPU.ActiveCfg = Debug|Any CPU
		{3C56DD09-263E-4DC9-8D79-886DEEAC3056}.Debug|Any CPU.Build.0 = Debug|Any CPU
		{3C56DD09-263E-4DC9-8D79-886DEEAC3056}.Release|Any CPU.ActiveCfg = Release|Any CPU
		{3C56DD09-263E-4DC9-8D79-886DEEAC3056}.Release|Any CPU.Build.0 = Release|Any CPU
	EndGlobalSection
	GlobalSection(SolutionProperties) = preSolution
		HideSolutionNode = FALSE
	EndGlobalSection
	GlobalSection(ExtensibilityGlobals) = postSolution
		SolutionGuid = {B28743D6-EF75-45BA-A7C5-FD95661AD29A}
	EndGlobalSection
EndGlobal
